// !$*UTF8*$!
{
	archiveVersion = 1;
	classes = {
	};
	objectVersion = 46;
	objects = {

/* Begin PBXBuildFile section */
		7E054D4A1EC269AA003445A0 /* AppDelegate.swift in Sources */ = {isa = PBXBuildFile; fileRef = 7E054D491EC269AA003445A0 /* AppDelegate.swift */; };
		7E054D4C1EC269AA003445A0 /* ViewController.swift in Sources */ = {isa = PBXBuildFile; fileRef = 7E054D4B1EC269AA003445A0 /* ViewController.swift */; };
		7E054D4F1EC269AA003445A0 /* Main.storyboard in Resources */ = {isa = PBXBuildFile; fileRef = 7E054D4D1EC269AA003445A0 /* Main.storyboard */; };
		7E054D511EC269AA003445A0 /* Assets.xcassets in Resources */ = {isa = PBXBuildFile; fileRef = 7E054D501EC269AA003445A0 /* Assets.xcassets */; };
		7E054D541EC269AA003445A0 /* LaunchScreen.storyboard in Resources */ = {isa = PBXBuildFile; fileRef = 7E054D521EC269AA003445A0 /* LaunchScreen.storyboard */; };
		7E054D5F1EC269AA003445A0 /* facenote_betaTests.swift in Sources */ = {isa = PBXBuildFile; fileRef = 7E054D5E1EC269AA003445A0 /* facenote_betaTests.swift */; };
		7E054D6A1EC269AA003445A0 /* facenote_betaUITests.swift in Sources */ = {isa = PBXBuildFile; fileRef = 7E054D691EC269AA003445A0 /* facenote_betaUITests.swift */; };
/* End PBXBuildFile section */

/* Begin PBXContainerItemProxy section */
		7E054D5B1EC269AA003445A0 /* PBXContainerItemProxy */ = {
			isa = PBXContainerItemProxy;
			containerPortal = 7E054D3E1EC269AA003445A0 /* Project object */;
			proxyType = 1;
			remoteGlobalIDString = 7E054D451EC269AA003445A0;
			remoteInfo = "facenote-beta";
		};
		7E054D661EC269AA003445A0 /* PBXContainerItemProxy */ = {
			isa = PBXContainerItemProxy;
			containerPortal = 7E054D3E1EC269AA003445A0 /* Project object */;
			proxyType = 1;
			remoteGlobalIDString = 7E054D451EC269AA003445A0;
			remoteInfo = "facenote-beta";
		};
/* End PBXContainerItemProxy section */

/* Begin PBXFileReference section */
		7E054D461EC269AA003445A0 /* facenote-beta.app */ = {isa = PBXFileReference; explicitFileType = wrapper.application; includeInIndex = 0; path = "facenote-beta.app"; sourceTree = BUILT_PRODUCTS_DIR; };
		7E054D491EC269AA003445A0 /* AppDelegate.swift */ = {isa = PBXFileReference; lastKnownFileType = sourcecode.swift; path = AppDelegate.swift; sourceTree = "<group>"; };
		7E054D4B1EC269AA003445A0 /* ViewController.swift */ = {isa = PBXFileReference; lastKnownFileType = sourcecode.swift; path = ViewController.swift; sourceTree = "<group>"; };
		7E054D4E1EC269AA003445A0 /* Base */ = {isa = PBXFileReference; lastKnownFileType = file.storyboard; name = Base; path = Base.lproj/Main.storyboard; sourceTree = "<group>"; };
		7E054D501EC269AA003445A0 /* Assets.xcassets */ = {isa = PBXFileReference; lastKnownFileType = folder.assetcatalog; path = Assets.xcassets; sourceTree = "<group>"; };
		7E054D531EC269AA003445A0 /* Base */ = {isa = PBXFileReference; lastKnownFileType = file.storyboard; name = Base; path = Base.lproj/LaunchScreen.storyboard; sourceTree = "<group>"; };
		7E054D551EC269AA003445A0 /* Info.plist */ = {isa = PBXFileReference; lastKnownFileType = text.plist.xml; path = Info.plist; sourceTree = "<group>"; };
		7E054D5A1EC269AA003445A0 /* facenote-betaTests.xctest */ = {isa = PBXFileReference; explicitFileType = wrapper.cfbundle; includeInIndex = 0; path = "facenote-betaTests.xctest"; sourceTree = BUILT_PRODUCTS_DIR; };
		7E054D5E1EC269AA003445A0 /* facenote_betaTests.swift */ = {isa = PBXFileReference; lastKnownFileType = sourcecode.swift; path = facenote_betaTests.swift; sourceTree = "<group>"; };
		7E054D601EC269AA003445A0 /* Info.plist */ = {isa = PBXFileReference; lastKnownFileType = text.plist.xml; path = Info.plist; sourceTree = "<group>"; };
		7E054D651EC269AA003445A0 /* facenote-betaUITests.xctest */ = {isa = PBXFileReference; explicitFileType = wrapper.cfbundle; includeInIndex = 0; path = "facenote-betaUITests.xctest"; sourceTree = BUILT_PRODUCTS_DIR; };
		7E054D691EC269AA003445A0 /* facenote_betaUITests.swift */ = {isa = PBXFileReference; lastKnownFileType = sourcecode.swift; path = facenote_betaUITests.swift; sourceTree = "<group>"; };
		7E054D6B1EC269AA003445A0 /* Info.plist */ = {isa = PBXFileReference; lastKnownFileType = text.plist.xml; path = Info.plist; sourceTree = "<group>"; };
/* End PBXFileReference section */

/* Begin PBXFrameworksBuildPhase section */
		7E054D431EC269AA003445A0 /* Frameworks */ = {
			isa = PBXFrameworksBuildPhase;
			buildActionMask = 2147483647;
			files = (
			);
			runOnlyForDeploymentPostprocessing = 0;
		};
		7E054D571EC269AA003445A0 /* Frameworks */ = {
			isa = PBXFrameworksBuildPhase;
			buildActionMask = 2147483647;
			files = (
			);
			runOnlyForDeploymentPostprocessing = 0;
		};
		7E054D621EC269AA003445A0 /* Frameworks */ = {
			isa = PBXFrameworksBuildPhase;
			buildActionMask = 2147483647;
			files = (
			);
			runOnlyForDeploymentPostprocessing = 0;
		};
/* End PBXFrameworksBuildPhase section */

/* Begin PBXGroup section */
		7E054D3D1EC269AA003445A0 = {
			isa = PBXGroup;
			children = (
				7E054D481EC269AA003445A0 /* facenote-beta */,
				7E054D5D1EC269AA003445A0 /* facenote-betaTests */,
				7E054D681EC269AA003445A0 /* facenote-betaUITests */,
				7E054D471EC269AA003445A0 /* Products */,
			);
			sourceTree = "<group>";
		};
		7E054D471EC269AA003445A0 /* Products */ = {
			isa = PBXGroup;
			children = (
				7E054D461EC269AA003445A0 /* facenote-beta.app */,
				7E054D5A1EC269AA003445A0 /* facenote-betaTests.xctest */,
				7E054D651EC269AA003445A0 /* facenote-betaUITests.xctest */,
			);
			name = Products;
			sourceTree = "<group>";
		};
		7E054D481EC269AA003445A0 /* facenote-beta */ = {
			isa = PBXGroup;
			children = (
				7E054D491EC269AA003445A0 /* AppDelegate.swift */,
				7E054D4B1EC269AA003445A0 /* ViewController.swift */,
				7E054D4D1EC269AA003445A0 /* Main.storyboard */,
				7E054D501EC269AA003445A0 /* Assets.xcassets */,
				7E054D521EC269AA003445A0 /* LaunchScreen.storyboard */,
				7E054D551EC269AA003445A0 /* Info.plist */,
			);
			path = "facenote-beta";
			sourceTree = "<group>";
		};
		7E054D5D1EC269AA003445A0 /* facenote-betaTests */ = {
			isa = PBXGroup;
			children = (
				7E054D5E1EC269AA003445A0 /* facenote_betaTests.swift */,
				7E054D601EC269AA003445A0 /* Info.plist */,
			);
			path = "facenote-betaTests";
			sourceTree = "<group>";
		};
		7E054D681EC269AA003445A0 /* facenote-betaUITests */ = {
			isa = PBXGroup;
			children = (
				7E054D691EC269AA003445A0 /* facenote_betaUITests.swift */,
				7E054D6B1EC269AA003445A0 /* Info.plist */,
			);
			path = "facenote-betaUITests";
			sourceTree = "<group>";
		};
/* End PBXGroup section */

/* Begin PBXNativeTarget section */
		7E054D451EC269AA003445A0 /* facenote-beta */ = {
			isa = PBXNativeTarget;
			buildConfigurationList = 7E054D6E1EC269AA003445A0 /* Build configuration list for PBXNativeTarget "facenote-beta" */;
			buildPhases = (
				7E054D421EC269AA003445A0 /* Sources */,
				7E054D431EC269AA003445A0 /* Frameworks */,
				7E054D441EC269AA003445A0 /* Resources */,
			);
			buildRules = (
			);
			dependencies = (
			);
			name = "facenote-beta";
			productName = "facenote-beta";
			productReference = 7E054D461EC269AA003445A0 /* facenote-beta.app */;
			productType = "com.apple.product-type.application";
		};
		7E054D591EC269AA003445A0 /* facenote-betaTests */ = {
			isa = PBXNativeTarget;
			buildConfigurationList = 7E054D711EC269AA003445A0 /* Build configuration list for PBXNativeTarget "facenote-betaTests" */;
			buildPhases = (
				7E054D561EC269AA003445A0 /* Sources */,
				7E054D571EC269AA003445A0 /* Frameworks */,
				7E054D581EC269AA003445A0 /* Resources */,
			);
			buildRules = (
			);
			dependencies = (
				7E054D5C1EC269AA003445A0 /* PBXTargetDependency */,
			);
			name = "facenote-betaTests";
			productName = "facenote-betaTests";
			productReference = 7E054D5A1EC269AA003445A0 /* facenote-betaTests.xctest */;
			productType = "com.apple.product-type.bundle.unit-test";
		};
		7E054D641EC269AA003445A0 /* facenote-betaUITests */ = {
			isa = PBXNativeTarget;
			buildConfigurationList = 7E054D741EC269AA003445A0 /* Build configuration list for PBXNativeTarget "facenote-betaUITests" */;
			buildPhases = (
				7E054D611EC269AA003445A0 /* Sources */,
				7E054D621EC269AA003445A0 /* Frameworks */,
				7E054D631EC269AA003445A0 /* Resources */,
			);
			buildRules = (
			);
			dependencies = (
				7E054D671EC269AA003445A0 /* PBXTargetDependency */,
			);
			name = "facenote-betaUITests";
			productName = "facenote-betaUITests";
			productReference = 7E054D651EC269AA003445A0 /* facenote-betaUITests.xctest */;
			productType = "com.apple.product-type.bundle.ui-testing";
		};
/* End PBXNativeTarget section */

/* Begin PBXProject section */
		7E054D3E1EC269AA003445A0 /* Project object */ = {
			isa = PBXProject;
			attributes = {
				LastSwiftUpdateCheck = 0830;
				LastUpgradeCheck = 0830;
				ORGANIZATIONNAME = "Terrez Lamont Wells";
				TargetAttributes = {
					7E054D451EC269AA003445A0 = {
						CreatedOnToolsVersion = 8.3.2;
						ProvisioningStyle = Automatic;
					};
					7E054D591EC269AA003445A0 = {
						CreatedOnToolsVersion = 8.3.2;
						ProvisioningStyle = Automatic;
						TestTargetID = 7E054D451EC269AA003445A0;
					};
					7E054D641EC269AA003445A0 = {
						CreatedOnToolsVersion = 8.3.2;
						ProvisioningStyle = Automatic;
						TestTargetID = 7E054D451EC269AA003445A0;
					};
				};
			};
			buildConfigurationList = 7E054D411EC269AA003445A0 /* Build configuration list for PBXProject "facenote-beta" */;
			compatibilityVersion = "Xcode 3.2";
			developmentRegion = English;
			hasScannedForEncodings = 0;
			knownRegions = (
				en,
				Base,
			);
			mainGroup = 7E054D3D1EC269AA003445A0;
			productRefGroup = 7E054D471EC269AA003445A0 /* Products */;
			projectDirPath = "";
			projectRoot = "";
			targets = (
				7E054D451EC269AA003445A0 /* facenote-beta */,
				7E054D591EC269AA003445A0 /* facenote-betaTests */,
				7E054D641EC269AA003445A0 /* facenote-betaUITests */,
			);
		};
/* End PBXProject section */

/* Begin PBXResourcesBuildPhase section */
		7E054D441EC269AA003445A0 /* Resources */ = {
			isa = PBXResourcesBuildPhase;
			buildActionMask = 2147483647;
			files = (
				7E054D541EC269AA003445A0 /* LaunchScreen.storyboard in Resources */,
				7E054D511EC269AA003445A0 /* Assets.xcassets in Resources */,
				7E054D4F1EC269AA003445A0 /* Main.storyboard in Resources */,
			);
			runOnlyForDeploymentPostprocessing = 0;
		};
		7E054D581EC269AA003445A0 /* Resources */ = {
			isa = PBXResourcesBuildPhase;
			buildActionMask = 2147483647;
			files = (
			);
			runOnlyForDeploymentPostprocessing = 0;
		};
		7E054D631EC269AA003445A0 /* Resources */ = {
			isa = PBXResourcesBuildPhase;
			buildActionMask = 2147483647;
			files = (
			);
			runOnlyForDeploymentPostprocessing = 0;
		};
/* End PBXResourcesBuildPhase section */

/* Begin PBXSourcesBuildPhase section */
		7E054D421EC269AA003445A0 /* Sources */ = {
			isa = PBXSourcesBuildPhase;
			buildActionMask = 2147483647;
			files = (
				7E054D4C1EC269AA003445A0 /* ViewController.swift in Sources */,
				7E054D4A1EC269AA003445A0 /* AppDelegate.swift in Sources */,
			);
			runOnlyForDeploymentPostprocessing = 0;
		};
		7E054D561EC269AA003445A0 /* Sources */ = {
			isa = PBXSourcesBuildPhase;
			buildActionMask = 2147483647;
			files = (
				7E054D5F1EC269AA003445A0 /* facenote_betaTests.swift in Sources */,
			);
			runOnlyForDeploymentPostprocessing = 0;
		};
		7E054D611EC269AA003445A0 /* Sources */ = {
			isa = PBXSourcesBuildPhase;
			buildActionMask = 2147483647;
			files = (
				7E054D6A1EC269AA003445A0 /* facenote_betaUITests.swift in Sources */,
			);
			runOnlyForDeploymentPostprocessing = 0;
		};
/* End PBXSourcesBuildPhase section */

/* Begin PBXTargetDependency section */
		7E054D5C1EC269AA003445A0 /* PBXTargetDependency */ = {
			isa = PBXTargetDependency;
			target = 7E054D451EC269AA003445A0 /* facenote-beta */;
			targetProxy = 7E054D5B1EC269AA003445A0 /* PBXContainerItemProxy */;
		};
		7E054D671EC269AA003445A0 /* PBXTargetDependency */ = {
			isa = PBXTargetDependency;
			target = 7E054D451EC269AA003445A0 /* facenote-beta */;
			targetProxy = 7E054D661EC269AA003445A0 /* PBXContainerItemProxy */;
		};
/* End PBXTargetDependency section */

/* Begin PBXVariantGroup section */
		7E054D4D1EC269AA003445A0 /* Main.storyboard */ = {
			isa = PBXVariantGroup;
			children = (
				7E054D4E1EC269AA003445A0 /* Base */,
			);
			name = Main.storyboard;
			sourceTree = "<group>";
		};
		7E054D521EC269AA003445A0 /* LaunchScreen.storyboard */ = {
			isa = PBXVariantGroup;
			children = (
				7E054D531EC269AA003445A0 /* Base */,
			);
			name = LaunchScreen.storyboard;
			sourceTree = "<group>";
		};
/* End PBXVariantGroup section */

/* Begin XCBuildConfiguration section */
		7E054D6C1EC269AA003445A0 /* Debug */ = {
			isa = XCBuildConfiguration;
			buildSettings = {
				ALWAYS_SEARCH_USER_PATHS = NO;
				CLANG_ANALYZER_NONNULL = YES;
				CLANG_ANALYZER_NUMBER_OBJECT_CONVERSION = YES_AGGRESSIVE;
				CLANG_CXX_LANGUAGE_STANDARD = "gnu++0x";
				CLANG_CXX_LIBRARY = "libc++";
				CLANG_ENABLE_MODULES = YES;
				CLANG_ENABLE_OBJC_ARC = YES;
				CLANG_WARN_BOOL_CONVERSION = YES;
				CLANG_WARN_CONSTANT_CONVERSION = YES;
				CLANG_WARN_DIRECT_OBJC_ISA_USAGE = YES_ERROR;
				CLANG_WARN_DOCUMENTATION_COMMENTS = YES;
				CLANG_WARN_EMPTY_BODY = YES;
				CLANG_WARN_ENUM_CONVERSION = YES;
				CLANG_WARN_INFINITE_RECURSION = YES;
				CLANG_WARN_INT_CONVERSION = YES;
				CLANG_WARN_OBJC_ROOT_CLASS = YES_ERROR;
				CLANG_WARN_SUSPICIOUS_MOVE = YES;
				CLANG_WARN_UNREACHABLE_CODE = YES;
				CLANG_WARN__DUPLICATE_METHOD_MATCH = YES;
				"CODE_SIGN_IDENTITY[sdk=iphoneos*]" = "iPhone Developer";
				COPY_PHASE_STRIP = NO;
				DEBUG_INFORMATION_FORMAT = dwarf;
				ENABLE_STRICT_OBJC_MSGSEND = YES;
				ENABLE_TESTABILITY = YES;
				GCC_C_LANGUAGE_STANDARD = gnu99;
				GCC_DYNAMIC_NO_PIC = NO;
				GCC_NO_COMMON_BLOCKS = YES;
				GCC_OPTIMIZATION_LEVEL = 0;
				GCC_PREPROCESSOR_DEFINITIONS = (
					"DEBUG=1",
					"$(inherited)",
				);
				GCC_WARN_64_TO_32_BIT_CONVERSION = YES;
				GCC_WARN_ABOUT_RETURN_TYPE = YES_ERROR;
				GCC_WARN_UNDECLARED_SELECTOR = YES;
				GCC_WARN_UNINITIALIZED_AUTOS = YES_AGGRESSIVE;
				GCC_WARN_UNUSED_FUNCTION = YES;
				GCC_WARN_UNUSED_VARIABLE = YES;
				IPHONEOS_DEPLOYMENT_TARGET = 10.3;
				MTL_ENABLE_DEBUG_INFO = YES;
				ONLY_ACTIVE_ARCH = YES;
				SDKROOT = iphoneos;
				SWIFT_ACTIVE_COMPILATION_CONDITIONS = DEBUG;
				SWIFT_OPTIMIZATION_LEVEL = "-Onone";
				TARGETED_DEVICE_FAMILY = "1,2";
			};
			name = Debug;
		};
		7E054D6D1EC269AA003445A0 /* Release */ = {
			isa = XCBuildConfiguration;
			buildSettings = {
				ALWAYS_SEARCH_USER_PATHS = NO;
				CLANG_ANALYZER_NONNULL = YES;
				CLANG_ANALYZER_NUMBER_OBJECT_CONVERSION = YES_AGGRESSIVE;
				CLANG_CXX_LANGUAGE_STANDARD = "gnu++0x";
				CLANG_CXX_LIBRARY = "libc++";
				CLANG_ENABLE_MODULES = YES;
				CLANG_ENABLE_OBJC_ARC = YES;
				CLANG_WARN_BOOL_CONVERSION = YES;
				CLANG_WARN_CONSTANT_CONVERSION = YES;
				CLANG_WARN_DIRECT_OBJC_ISA_USAGE = YES_ERROR;
				CLANG_WARN_DOCUMENTATION_COMMENTS = YES;
				CLANG_WARN_EMPTY_BODY = YES;
				CLANG_WARN_ENUM_CONVERSION = YES;
				CLANG_WARN_INFINITE_RECURSION = YES;
				CLANG_WARN_INT_CONVERSION = YES;
				CLANG_WARN_OBJC_ROOT_CLASS = YES_ERROR;
				CLANG_WARN_SUSPICIOUS_MOVE = YES;
				CLANG_WARN_UNREACHABLE_CODE = YES;
				CLANG_WARN__DUPLICATE_METHOD_MATCH = YES;
				"CODE_SIGN_IDENTITY[sdk=iphoneos*]" = "iPhone Developer";
				COPY_PHASE_STRIP = NO;
				DEBUG_INFORMATION_FORMAT = "dwarf-with-dsym";
				ENABLE_NS_ASSERTIONS = NO;
				ENABLE_STRICT_OBJC_MSGSEND = YES;
				GCC_C_LANGUAGE_STANDARD = gnu99;
				GCC_NO_COMMON_BLOCKS = YES;
				GCC_WARN_64_TO_32_BIT_CONVERSION = YES;
				GCC_WARN_ABOUT_RETURN_TYPE = YES_ERROR;
				GCC_WARN_UNDECLARED_SELECTOR = YES;
				GCC_WARN_UNINITIALIZED_AUTOS = YES_AGGRESSIVE;
				GCC_WARN_UNUSED_FUNCTION = YES;
				GCC_WARN_UNUSED_VARIABLE = YES;
				IPHONEOS_DEPLOYMENT_TARGET = 10.3;
				MTL_ENABLE_DEBUG_INFO = NO;
				SDKROOT = iphoneos;
				SWIFT_OPTIMIZATION_LEVEL = "-Owholemodule";
				TARGETED_DEVICE_FAMILY = "1,2";
				VALIDATE_PRODUCT = YES;
			};
			name = Release;
		};
		7E054D6F1EC269AA003445A0 /* Debug */ = {
			isa = XCBuildConfiguration;
			buildSettings = {
				ASSETCATALOG_COMPILER_APPICON_NAME = AppIcon;
				INFOPLIST_FILE = "facenote-beta/Info.plist";
				LD_RUNPATH_SEARCH_PATHS = "$(inherited) @executable_path/Frameworks";
				PRODUCT_BUNDLE_IDENTIFIER = "-5.facenote-beta";
				PRODUCT_NAME = "$(TARGET_NAME)";
				SWIFT_VERSION = 3.0;
			};
			name = Debug;
		};
		7E054D701EC269AA003445A0 /* Release */ = {
			isa = XCBuildConfiguration;
			buildSettings = {
				ASSETCATALOG_COMPILER_APPICON_NAME = AppIcon;
				INFOPLIST_FILE = "facenote-beta/Info.plist";
				LD_RUNPATH_SEARCH_PATHS = "$(inherited) @executable_path/Frameworks";
				PRODUCT_BUNDLE_IDENTIFIER = "-5.facenote-beta";
				PRODUCT_NAME = "$(TARGET_NAME)";
				SWIFT_VERSION = 3.0;
			};
			name = Release;
		};
		7E054D721EC269AA003445A0 /* Debug */ = {
			isa = XCBuildConfiguration;
			buildSettings = {
				ALWAYS_EMBED_SWIFT_STANDARD_LIBRARIES = YES;
				BUNDLE_LOADER = "$(TEST_HOST)";
				INFOPLIST_FILE = "facenote-betaTests/Info.plist";
				LD_RUNPATH_SEARCH_PATHS = "$(inherited) @executable_path/Frameworks @loader_path/Frameworks";
				PRODUCT_BUNDLE_IDENTIFIER = "-5.facenote-betaTests";
				PRODUCT_NAME = "$(TARGET_NAME)";
				SWIFT_VERSION = 3.0;
				TEST_HOST = "$(BUILT_PRODUCTS_DIR)/facenote-beta.app/facenote-beta";
			};
			name = Debug;
		};
		7E054D731EC269AA003445A0 /* Release */ = {
			isa = XCBuildConfiguration;
			buildSettings = {
				ALWAYS_EMBED_SWIFT_STANDARD_LIBRARIES = YES;
				BUNDLE_LOADER = "$(TEST_HOST)";
				INFOPLIST_FILE = "facenote-betaTests/Info.plist";
				LD_RUNPATH_SEARCH_PATHS = "$(inherited) @executable_path/Frameworks @loader_path/Frameworks";
				PRODUCT_BUNDLE_IDENTIFIER = "-5.facenote-betaTests";
				PRODUCT_NAME = "$(TARGET_NAME)";
				SWIFT_VERSION = 3.0;
				TEST_HOST = "$(BUILT_PRODUCTS_DIR)/facenote-beta.app/facenote-beta";
			};
			name = Release;
		};
		7E054D751EC269AA003445A0 /* Debug */ = {
			isa = XCBuildConfiguration;
			buildSettings = {
				ALWAYS_EMBED_SWIFT_STANDARD_LIBRARIES = YES;
				INFOPLIST_FILE = "facenote-betaUITests/Info.plist";
				LD_RUNPATH_SEARCH_PATHS = "$(inherited) @executable_path/Frameworks @loader_path/Frameworks";
				PRODUCT_BUNDLE_IDENTIFIER = "-5.facenote-betaUITests";
				PRODUCT_NAME = "$(TARGET_NAME)";
				SWIFT_VERSION = 3.0;
				TEST_TARGET_NAME = "facenote-beta";
			};
			name = Debug;
		};
		7E054D761EC269AA003445A0 /* Release */ = {
			isa = XCBuildConfiguration;
			buildSettings = {
				ALWAYS_EMBED_SWIFT_STANDARD_LIBRARIES = YES;
				INFOPLIST_FILE = "facenote-betaUITests/Info.plist";
				LD_RUNPATH_SEARCH_PATHS = "$(inherited) @executable_path/Frameworks @loader_path/Frameworks";
				PRODUCT_BUNDLE_IDENTIFIER = "-5.facenote-betaUITests";
				PRODUCT_NAME = "$(TARGET_NAME)";
				SWIFT_VERSION = 3.0;
				TEST_TARGET_NAME = "facenote-beta";
			};
			name = Release;
		};
/* End XCBuildConfiguration section */

/* Begin XCConfigurationList section */
		7E054D411EC269AA003445A0 /* Build configuration list for PBXProject "facenote-beta" */ = {
			isa = XCConfigurationList;
			buildConfigurations = (
				7E054D6C1EC269AA003445A0 /* Debug */,
				7E054D6D1EC269AA003445A0 /* Release */,
			);
			defaultConfigurationIsVisible = 0;
			defaultConfigurationName = Release;
		};
		7E054D6E1EC269AA003445A0 /* Build configuration list for PBXNativeTarget "facenote-beta" */ = {
			isa = XCConfigurationList;
			buildConfigurations = (
				7E054D6F1EC269AA003445A0 /* Debug */,
				7E054D701EC269AA003445A0 /* Release */,
			);
			defaultConfigurationIsVisible = 0;
		};
		7E054D711EC269AA003445A0 /* Build configuration list for PBXNativeTarget "facenote-betaTests" */ = {
			isa = XCConfigurationList;
			buildConfigurations = (
				7E054D721EC269AA003445A0 /* Debug */,
				7E054D731EC269AA003445A0 /* Release */,
			);
			defaultConfigurationIsVisible = 0;
		};
		7E054D741EC269AA003445A0 /* Build configuration list for PBXNativeTarget "facenote-betaUITests" */ = {
			isa = XCConfigurationList;
			buildConfigurations = (
				7E054D751EC269AA003445A0 /* Debug */,
				7E054D761EC269AA003445A0 /* Release */,
			);
			defaultConfigurationIsVisible = 0;
		};
/* End XCConfigurationList section */
	};
	rootObject = 7E054D3E1EC269AA003445A0 /* Project object */;
}
